// !$*UTF8*$!
{
	archiveVersion = 1;
	classes = {
	};
	objectVersion = 55;
	objects = {

/* Begin PBXBuildFile section */
		9C28E6F327E8EC5100DE626A /* LibrarySwiftUIBeginnerLevelApp.swift in Sources */ = {isa = PBXBuildFile; fileRef = 9C28E6F227E8EC5100DE626A /* LibrarySwiftUIBeginnerLevelApp.swift */; };
		9C28E6F527E8EC5100DE626A /* ContentView.swift in Sources */ = {isa = PBXBuildFile; fileRef = 9C28E6F427E8EC5100DE626A /* ContentView.swift */; };
		9C28E6F727E8EC5300DE626A /* Assets.xcassets in Resources */ = {isa = PBXBuildFile; fileRef = 9C28E6F627E8EC5300DE626A /* Assets.xcassets */; };
		9C28E6FA27E8EC5300DE626A /* Preview Assets.xcassets in Resources */ = {isa = PBXBuildFile; fileRef = 9C28E6F927E8EC5300DE626A /* Preview Assets.xcassets */; };
		9C28E70127E8EE2900DE626A /* TextBootcamp.swift in Sources */ = {isa = PBXBuildFile; fileRef = 9C28E70027E8EE2900DE626A /* TextBootcamp.swift */; };
		9C28E70327E8F31C00DE626A /* ShapesBootcamp.swift in Sources */ = {isa = PBXBuildFile; fileRef = 9C28E70227E8F31C00DE626A /* ShapesBootcamp.swift */; };
		9C28E70527E9DAAC00DE626A /* ColorsBootcamp.swift in Sources */ = {isa = PBXBuildFile; fileRef = 9C28E70427E9DAAC00DE626A /* ColorsBootcamp.swift */; };
		9C31CDE227EB2A2C008E360B /* IconsBootcamp.swift in Sources */ = {isa = PBXBuildFile; fileRef = 9C31CDE127EB2A2C008E360B /* IconsBootcamp.swift */; };
		9C31CDE427EB2CF5008E360B /* ImageBootcamp.swift in Sources */ = {isa = PBXBuildFile; fileRef = 9C31CDE327EB2CF5008E360B /* ImageBootcamp.swift */; };
		9C31CDE627EB2FF1008E360B /* FrameBootcamp.swift in Sources */ = {isa = PBXBuildFile; fileRef = 9C31CDE527EB2FF1008E360B /* FrameBootcamp.swift */; };
		9C31CDE827EB3303008E360B /* BackgroundAndOverlayBootcamp.swift in Sources */ = {isa = PBXBuildFile; fileRef = 9C31CDE727EB3303008E360B /* BackgroundAndOverlayBootcamp.swift */; };
		9C31CDEA27EB4B65008E360B /* StacksBootcamp.swift in Sources */ = {isa = PBXBuildFile; fileRef = 9C31CDE927EB4B65008E360B /* StacksBootcamp.swift */; };
		9C31CDEE27EC6D48008E360B /* StacksBootcampModel.swift in Sources */ = {isa = PBXBuildFile; fileRef = 9C31CDED27EC6D48008E360B /* StacksBootcampModel.swift */; };
		9C31CE1F27ECD9A4008E360B /* PaddingAndSpacerBootcamp.swift in Sources */ = {isa = PBXBuildFile; fileRef = 9C31CE1E27ECD9A3008E360B /* PaddingAndSpacerBootcamp.swift */; };
		9C31CE2127ECDD75008E360B /* SpacerBootcamp.swift in Sources */ = {isa = PBXBuildFile; fileRef = 9C31CE2027ECDD75008E360B /* SpacerBootcamp.swift */; };
		9C31CE2627EDBF5D008E360B /* InitializerBootcamp.swift in Sources */ = {isa = PBXBuildFile; fileRef = 9C31CE2527EDBF5D008E360B /* InitializerBootcamp.swift */; };
		9C31CE2827EDCAF8008E360B /* ForEachBootcamp.swift in Sources */ = {isa = PBXBuildFile; fileRef = 9C31CE2727EDCAF8008E360B /* ForEachBootcamp.swift */; };
		9C31CE2A27EDCDEB008E360B /* ScrollViewBootcamp.swift in Sources */ = {isa = PBXBuildFile; fileRef = 9C31CE2927EDCDEB008E360B /* ScrollViewBootcamp.swift */; };
		9C31CE2C27EDD181008E360B /* GridBootcamp.swift in Sources */ = {isa = PBXBuildFile; fileRef = 9C31CE2B27EDD181008E360B /* GridBootcamp.swift */; };
		9C31CE2E27EE062E008E360B /* ExtractedFunctionsBootcamp.swift in Sources */ = {isa = PBXBuildFile; fileRef = 9C31CE2D27EE062E008E360B /* ExtractedFunctionsBootcamp.swift */; };
		9C31CE3027EE09DD008E360B /* ExtractSubviewsBootcamp.swift in Sources */ = {isa = PBXBuildFile; fileRef = 9C31CE2F27EE09DD008E360B /* ExtractSubviewsBootcamp.swift */; };
		9C31CE3227EE0D53008E360B /* BindingBootcamp.swift in Sources */ = {isa = PBXBuildFile; fileRef = 9C31CE3127EE0D53008E360B /* BindingBootcamp.swift */; };
		9C31CE3427EE2292008E360B /* ConditionalBootcamp.swift in Sources */ = {isa = PBXBuildFile; fileRef = 9C31CE3327EE2291008E360B /* ConditionalBootcamp.swift */; };
		9CA0720927E9E33500D205DD /* GradientsBootcamp.swift in Sources */ = {isa = PBXBuildFile; fileRef = 9CA0720827E9E33500D205DD /* GradientsBootcamp.swift */; };
/* End PBXBuildFile section */

/* Begin PBXFileReference section */
		9C28E6EF27E8EC5100DE626A /* LibrarySwiftUIBeginnerLevel.app */ = {isa = PBXFileReference; explicitFileType = wrapper.application; includeInIndex = 0; path = LibrarySwiftUIBeginnerLevel.app; sourceTree = BUILT_PRODUCTS_DIR; };
		9C28E6F227E8EC5100DE626A /* LibrarySwiftUIBeginnerLevelApp.swift */ = {isa = PBXFileReference; lastKnownFileType = sourcecode.swift; path = LibrarySwiftUIBeginnerLevelApp.swift; sourceTree = "<group>"; };
		9C28E6F427E8EC5100DE626A /* ContentView.swift */ = {isa = PBXFileReference; lastKnownFileType = sourcecode.swift; path = ContentView.swift; sourceTree = "<group>"; };
		9C28E6F627E8EC5300DE626A /* Assets.xcassets */ = {isa = PBXFileReference; lastKnownFileType = folder.assetcatalog; path = Assets.xcassets; sourceTree = "<group>"; };
		9C28E6F927E8EC5300DE626A /* Preview Assets.xcassets */ = {isa = PBXFileReference; lastKnownFileType = folder.assetcatalog; path = "Preview Assets.xcassets"; sourceTree = "<group>"; };
		9C28E70027E8EE2900DE626A /* TextBootcamp.swift */ = {isa = PBXFileReference; lastKnownFileType = sourcecode.swift; path = TextBootcamp.swift; sourceTree = "<group>"; };
		9C28E70227E8F31C00DE626A /* ShapesBootcamp.swift */ = {isa = PBXFileReference; lastKnownFileType = sourcecode.swift; path = ShapesBootcamp.swift; sourceTree = "<group>"; };
		9C28E70427E9DAAC00DE626A /* ColorsBootcamp.swift */ = {isa = PBXFileReference; lastKnownFileType = sourcecode.swift; path = ColorsBootcamp.swift; sourceTree = "<group>"; };
		9C31CDE127EB2A2C008E360B /* IconsBootcamp.swift */ = {isa = PBXFileReference; lastKnownFileType = sourcecode.swift; path = IconsBootcamp.swift; sourceTree = "<group>"; };
		9C31CDE327EB2CF5008E360B /* ImageBootcamp.swift */ = {isa = PBXFileReference; lastKnownFileType = sourcecode.swift; path = ImageBootcamp.swift; sourceTree = "<group>"; };
		9C31CDE527EB2FF1008E360B /* FrameBootcamp.swift */ = {isa = PBXFileReference; lastKnownFileType = sourcecode.swift; path = FrameBootcamp.swift; sourceTree = "<group>"; };
		9C31CDE727EB3303008E360B /* BackgroundAndOverlayBootcamp.swift */ = {isa = PBXFileReference; lastKnownFileType = sourcecode.swift; path = BackgroundAndOverlayBootcamp.swift; sourceTree = "<group>"; };
		9C31CDE927EB4B65008E360B /* StacksBootcamp.swift */ = {isa = PBXFileReference; lastKnownFileType = sourcecode.swift; path = StacksBootcamp.swift; sourceTree = "<group>"; };
		9C31CDED27EC6D48008E360B /* StacksBootcampModel.swift */ = {isa = PBXFileReference; lastKnownFileType = sourcecode.swift; path = StacksBootcampModel.swift; sourceTree = "<group>"; };
		9C31CE1E27ECD9A3008E360B /* PaddingAndSpacerBootcamp.swift */ = {isa = PBXFileReference; lastKnownFileType = sourcecode.swift; path = PaddingAndSpacerBootcamp.swift; sourceTree = "<group>"; };
		9C31CE2027ECDD75008E360B /* SpacerBootcamp.swift */ = {isa = PBXFileReference; lastKnownFileType = sourcecode.swift; path = SpacerBootcamp.swift; sourceTree = "<group>"; };
		9C31CE2527EDBF5D008E360B /* InitializerBootcamp.swift */ = {isa = PBXFileReference; lastKnownFileType = sourcecode.swift; path = InitializerBootcamp.swift; sourceTree = "<group>"; };
		9C31CE2727EDCAF8008E360B /* ForEachBootcamp.swift */ = {isa = PBXFileReference; lastKnownFileType = sourcecode.swift; path = ForEachBootcamp.swift; sourceTree = "<group>"; };
		9C31CE2927EDCDEB008E360B /* ScrollViewBootcamp.swift */ = {isa = PBXFileReference; lastKnownFileType = sourcecode.swift; path = ScrollViewBootcamp.swift; sourceTree = "<group>"; };
		9C31CE2B27EDD181008E360B /* GridBootcamp.swift */ = {isa = PBXFileReference; lastKnownFileType = sourcecode.swift; path = GridBootcamp.swift; sourceTree = "<group>"; };
		9C31CE2D27EE062E008E360B /* ExtractedFunctionsBootcamp.swift */ = {isa = PBXFileReference; lastKnownFileType = sourcecode.swift; path = ExtractedFunctionsBootcamp.swift; sourceTree = "<group>"; };
		9C31CE2F27EE09DD008E360B /* ExtractSubviewsBootcamp.swift */ = {isa = PBXFileReference; lastKnownFileType = sourcecode.swift; path = ExtractSubviewsBootcamp.swift; sourceTree = "<group>"; };
		9C31CE3127EE0D53008E360B /* BindingBootcamp.swift */ = {isa = PBXFileReference; lastKnownFileType = sourcecode.swift; path = BindingBootcamp.swift; sourceTree = "<group>"; };
		9C31CE3327EE2291008E360B /* ConditionalBootcamp.swift */ = {isa = PBXFileReference; lastKnownFileType = sourcecode.swift; path = ConditionalBootcamp.swift; sourceTree = "<group>"; };
		9CA0720827E9E33500D205DD /* GradientsBootcamp.swift */ = {isa = PBXFileReference; lastKnownFileType = sourcecode.swift; path = GradientsBootcamp.swift; sourceTree = "<group>"; };
/* End PBXFileReference section */

/* Begin PBXFrameworksBuildPhase section */
		9C28E6EC27E8EC5100DE626A /* Frameworks */ = {
			isa = PBXFrameworksBuildPhase;
			buildActionMask = 2147483647;
			files = (
			);
			runOnlyForDeploymentPostprocessing = 0;
		};
/* End PBXFrameworksBuildPhase section */

/* Begin PBXGroup section */
		9C28E6E627E8EC5100DE626A = {
			isa = PBXGroup;
			children = (
				9C28E6F127E8EC5100DE626A /* LibrarySwiftUIBeginnerLevel */,
				9C28E6F027E8EC5100DE626A /* Products */,
			);
			sourceTree = "<group>";
		};
		9C28E6F027E8EC5100DE626A /* Products */ = {
			isa = PBXGroup;
			children = (
				9C28E6EF27E8EC5100DE626A /* LibrarySwiftUIBeginnerLevel.app */,
			);
			name = Products;
			sourceTree = "<group>";
		};
		9C28E6F127E8EC5100DE626A /* LibrarySwiftUIBeginnerLevel */ = {
			isa = PBXGroup;
			children = (
				9C28E6F227E8EC5100DE626A /* LibrarySwiftUIBeginnerLevelApp.swift */,
				9C28E6F427E8EC5100DE626A /* ContentView.swift */,
				9C28E70027E8EE2900DE626A /* TextBootcamp.swift */,
				9C28E70227E8F31C00DE626A /* ShapesBootcamp.swift */,
				9C28E70427E9DAAC00DE626A /* ColorsBootcamp.swift */,
				9CA0720827E9E33500D205DD /* GradientsBootcamp.swift */,
				9C31CDE127EB2A2C008E360B /* IconsBootcamp.swift */,
				9C31CDE327EB2CF5008E360B /* ImageBootcamp.swift */,
				9C31CDE527EB2FF1008E360B /* FrameBootcamp.swift */,
				9C31CDE727EB3303008E360B /* BackgroundAndOverlayBootcamp.swift */,
				9C31CDE927EB4B65008E360B /* StacksBootcamp.swift */,
				9C31CDED27EC6D48008E360B /* StacksBootcampModel.swift */,
				9C31CE1E27ECD9A3008E360B /* PaddingAndSpacerBootcamp.swift */,
				9C31CE2027ECDD75008E360B /* SpacerBootcamp.swift */,
				9C31CE2527EDBF5D008E360B /* InitializerBootcamp.swift */,
				9C31CE2727EDCAF8008E360B /* ForEachBootcamp.swift */,
				9C31CE2927EDCDEB008E360B /* ScrollViewBootcamp.swift */,
				9C31CE2B27EDD181008E360B /* GridBootcamp.swift */,
				9C31CE2D27EE062E008E360B /* ExtractedFunctionsBootcamp.swift */,
				9C31CE2F27EE09DD008E360B /* ExtractSubviewsBootcamp.swift */,
				9C31CE3127EE0D53008E360B /* BindingBootcamp.swift */,
				9C31CE3327EE2291008E360B /* ConditionalBootcamp.swift */,
				9C28E6F627E8EC5300DE626A /* Assets.xcassets */,
				9C28E6F827E8EC5300DE626A /* Preview Content */,
			);
			path = LibrarySwiftUIBeginnerLevel;
			sourceTree = "<group>";
		};
		9C28E6F827E8EC5300DE626A /* Preview Content */ = {
			isa = PBXGroup;
			children = (
				9C28E6F927E8EC5300DE626A /* Preview Assets.xcassets */,
			);
			path = "Preview Content";
			sourceTree = "<group>";
		};
/* End PBXGroup section */

/* Begin PBXNativeTarget section */
		9C28E6EE27E8EC5100DE626A /* LibrarySwiftUIBeginnerLevel */ = {
			isa = PBXNativeTarget;
			buildConfigurationList = 9C28E6FD27E8EC5300DE626A /* Build configuration list for PBXNativeTarget "LibrarySwiftUIBeginnerLevel" */;
			buildPhases = (
				9C28E6EB27E8EC5100DE626A /* Sources */,
				9C28E6EC27E8EC5100DE626A /* Frameworks */,
				9C28E6ED27E8EC5100DE626A /* Resources */,
			);
			buildRules = (
			);
			dependencies = (
			);
			name = LibrarySwiftUIBeginnerLevel;
			productName = LibrarySwiftUIBeginnerLevel;
			productReference = 9C28E6EF27E8EC5100DE626A /* LibrarySwiftUIBeginnerLevel.app */;
			productType = "com.apple.product-type.application";
		};
/* End PBXNativeTarget section */

/* Begin PBXProject section */
		9C28E6E727E8EC5100DE626A /* Project object */ = {
			isa = PBXProject;
			attributes = {
				BuildIndependentTargetsInParallel = 1;
				LastSwiftUpdateCheck = 1320;
				LastUpgradeCheck = 1320;
				TargetAttributes = {
					9C28E6EE27E8EC5100DE626A = {
						CreatedOnToolsVersion = 13.2.1;
					};
				};
			};
			buildConfigurationList = 9C28E6EA27E8EC5100DE626A /* Build configuration list for PBXProject "LibrarySwiftUIBeginnerLevel" */;
			compatibilityVersion = "Xcode 13.0";
			developmentRegion = en;
			hasScannedForEncodings = 0;
			knownRegions = (
				en,
				Base,
			);
			mainGroup = 9C28E6E627E8EC5100DE626A;
			productRefGroup = 9C28E6F027E8EC5100DE626A /* Products */;
			projectDirPath = "";
			projectRoot = "";
			targets = (
				9C28E6EE27E8EC5100DE626A /* LibrarySwiftUIBeginnerLevel */,
			);
		};
/* End PBXProject section */

/* Begin PBXResourcesBuildPhase section */
		9C28E6ED27E8EC5100DE626A /* Resources */ = {
			isa = PBXResourcesBuildPhase;
			buildActionMask = 2147483647;
			files = (
				9C28E6FA27E8EC5300DE626A /* Preview Assets.xcassets in Resources */,
				9C28E6F727E8EC5300DE626A /* Assets.xcassets in Resources */,
			);
			runOnlyForDeploymentPostprocessing = 0;
		};
/* End PBXResourcesBuildPhase section */

/* Begin PBXSourcesBuildPhase section */
		9C28E6EB27E8EC5100DE626A /* Sources */ = {
			isa = PBXSourcesBuildPhase;
			buildActionMask = 2147483647;
			files = (
				9CA0720927E9E33500D205DD /* GradientsBootcamp.swift in Sources */,
				9C31CE3227EE0D53008E360B /* BindingBootcamp.swift in Sources */,
				9C31CDE827EB3303008E360B /* BackgroundAndOverlayBootcamp.swift in Sources */,
				9C28E70527E9DAAC00DE626A /* ColorsBootcamp.swift in Sources */,
				9C31CDE627EB2FF1008E360B /* FrameBootcamp.swift in Sources */,
				9C31CE3027EE09DD008E360B /* ExtractSubviewsBootcamp.swift in Sources */,
				9C31CE2127ECDD75008E360B /* SpacerBootcamp.swift in Sources */,
				9C28E70327E8F31C00DE626A /* ShapesBootcamp.swift in Sources */,
				9C28E6F527E8EC5100DE626A /* ContentView.swift in Sources */,
				9C31CE2E27EE062E008E360B /* ExtractedFunctionsBootcamp.swift in Sources */,
				9C28E70127E8EE2900DE626A /* TextBootcamp.swift in Sources */,
				9C31CDEE27EC6D48008E360B /* StacksBootcampModel.swift in Sources */,
				9C28E6F327E8EC5100DE626A /* LibrarySwiftUIBeginnerLevelApp.swift in Sources */,
				9C31CE2C27EDD181008E360B /* GridBootcamp.swift in Sources */,
				9C31CDEA27EB4B65008E360B /* StacksBootcamp.swift in Sources */,
				9C31CDE427EB2CF5008E360B /* ImageBootcamp.swift in Sources */,
				9C31CE2A27EDCDEB008E360B /* ScrollViewBootcamp.swift in Sources */,
				9C31CDE227EB2A2C008E360B /* IconsBootcamp.swift in Sources */,
				9C31CE2827EDCAF8008E360B /* ForEachBootcamp.swift in Sources */,
				9C31CE3427EE2292008E360B /* ConditionalBootcamp.swift in Sources */,
				9C31CE2627EDBF5D008E360B /* InitializerBootcamp.swift in Sources */,
				9C31CE1F27ECD9A4008E360B /* PaddingAndSpacerBootcamp.swift in Sources */,
			);
			runOnlyForDeploymentPostprocessing = 0;
		};
/* End PBXSourcesBuildPhase section */

/* Begin XCBuildConfiguration section */
		9C28E6FB27E8EC5300DE626A /* Debug */ = {
			isa = XCBuildConfiguration;
			buildSettings = {
				ALWAYS_SEARCH_USER_PATHS = NO;
				CLANG_ANALYZER_NONNULL = YES;
				CLANG_ANALYZER_NUMBER_OBJECT_CONVERSION = YES_AGGRESSIVE;
				CLANG_CXX_LANGUAGE_STANDARD = "gnu++17";
				CLANG_CXX_LIBRARY = "libc++";
				CLANG_ENABLE_MODULES = YES;
				CLANG_ENABLE_OBJC_ARC = YES;
				CLANG_ENABLE_OBJC_WEAK = YES;
				CLANG_WARN_BLOCK_CAPTURE_AUTORELEASING = YES;
				CLANG_WARN_BOOL_CONVERSION = YES;
				CLANG_WARN_COMMA = YES;
				CLANG_WARN_CONSTANT_CONVERSION = YES;
				CLANG_WARN_DEPRECATED_OBJC_IMPLEMENTATIONS = YES;
				CLANG_WARN_DIRECT_OBJC_ISA_USAGE = YES_ERROR;
				CLANG_WARN_DOCUMENTATION_COMMENTS = YES;
				CLANG_WARN_EMPTY_BODY = YES;
				CLANG_WARN_ENUM_CONVERSION = YES;
				CLANG_WARN_INFINITE_RECURSION = YES;
				CLANG_WARN_INT_CONVERSION = YES;
				CLANG_WARN_NON_LITERAL_NULL_CONVERSION = YES;
				CLANG_WARN_OBJC_IMPLICIT_RETAIN_SELF = YES;
				CLANG_WARN_OBJC_LITERAL_CONVERSION = YES;
				CLANG_WARN_OBJC_ROOT_CLASS = YES_ERROR;
				CLANG_WARN_QUOTED_INCLUDE_IN_FRAMEWORK_HEADER = YES;
				CLANG_WARN_RANGE_LOOP_ANALYSIS = YES;
				CLANG_WARN_STRICT_PROTOTYPES = YES;
				CLANG_WARN_SUSPICIOUS_MOVE = YES;
				CLANG_WARN_UNGUARDED_AVAILABILITY = YES_AGGRESSIVE;
				CLANG_WARN_UNREACHABLE_CODE = YES;
				CLANG_WARN__DUPLICATE_METHOD_MATCH = YES;
				COPY_PHASE_STRIP = NO;
				DEBUG_INFORMATION_FORMAT = dwarf;
				ENABLE_STRICT_OBJC_MSGSEND = YES;
				ENABLE_TESTABILITY = YES;
				GCC_C_LANGUAGE_STANDARD = gnu11;
				GCC_DYNAMIC_NO_PIC = NO;
				GCC_NO_COMMON_BLOCKS = YES;
				GCC_OPTIMIZATION_LEVEL = 0;
				GCC_PREPROCESSOR_DEFINITIONS = (
					"DEBUG=1",
					"$(inherited)",
				);
				GCC_WARN_64_TO_32_BIT_CONVERSION = YES;
				GCC_WARN_ABOUT_RETURN_TYPE = YES_ERROR;
				GCC_WARN_UNDECLARED_SELECTOR = YES;
				GCC_WARN_UNINITIALIZED_AUTOS = YES_AGGRESSIVE;
				GCC_WARN_UNUSED_FUNCTION = YES;
				GCC_WARN_UNUSED_VARIABLE = YES;
				IPHONEOS_DEPLOYMENT_TARGET = 15.2;
				MTL_ENABLE_DEBUG_INFO = INCLUDE_SOURCE;
				MTL_FAST_MATH = YES;
				ONLY_ACTIVE_ARCH = YES;
				SDKROOT = iphoneos;
				SWIFT_ACTIVE_COMPILATION_CONDITIONS = DEBUG;
				SWIFT_OPTIMIZATION_LEVEL = "-Onone";
			};
			name = Debug;
		};
		9C28E6FC27E8EC5300DE626A /* Release */ = {
			isa = XCBuildConfiguration;
			buildSettings = {
				ALWAYS_SEARCH_USER_PATHS = NO;
				CLANG_ANALYZER_NONNULL = YES;
				CLANG_ANALYZER_NUMBER_OBJECT_CONVERSION = YES_AGGRESSIVE;
				CLANG_CXX_LANGUAGE_STANDARD = "gnu++17";
				CLANG_CXX_LIBRARY = "libc++";
				CLANG_ENABLE_MODULES = YES;
				CLANG_ENABLE_OBJC_ARC = YES;
				CLANG_ENABLE_OBJC_WEAK = YES;
				CLANG_WARN_BLOCK_CAPTURE_AUTORELEASING = YES;
				CLANG_WARN_BOOL_CONVERSION = YES;
				CLANG_WARN_COMMA = YES;
				CLANG_WARN_CONSTANT_CONVERSION = YES;
				CLANG_WARN_DEPRECATED_OBJC_IMPLEMENTATIONS = YES;
				CLANG_WARN_DIRECT_OBJC_ISA_USAGE = YES_ERROR;
				CLANG_WARN_DOCUMENTATION_COMMENTS = YES;
				CLANG_WARN_EMPTY_BODY = YES;
				CLANG_WARN_ENUM_CONVERSION = YES;
				CLANG_WARN_INFINITE_RECURSION = YES;
				CLANG_WARN_INT_CONVERSION = YES;
				CLANG_WARN_NON_LITERAL_NULL_CONVERSION = YES;
				CLANG_WARN_OBJC_IMPLICIT_RETAIN_SELF = YES;
				CLANG_WARN_OBJC_LITERAL_CONVERSION = YES;
				CLANG_WARN_OBJC_ROOT_CLASS = YES_ERROR;
				CLANG_WARN_QUOTED_INCLUDE_IN_FRAMEWORK_HEADER = YES;
				CLANG_WARN_RANGE_LOOP_ANALYSIS = YES;
				CLANG_WARN_STRICT_PROTOTYPES = YES;
				CLANG_WARN_SUSPICIOUS_MOVE = YES;
				CLANG_WARN_UNGUARDED_AVAILABILITY = YES_AGGRESSIVE;
				CLANG_WARN_UNREACHABLE_CODE = YES;
				CLANG_WARN__DUPLICATE_METHOD_MATCH = YES;
				COPY_PHASE_STRIP = NO;
				DEBUG_INFORMATION_FORMAT = "dwarf-with-dsym";
				ENABLE_NS_ASSERTIONS = NO;
				ENABLE_STRICT_OBJC_MSGSEND = YES;
				GCC_C_LANGUAGE_STANDARD = gnu11;
				GCC_NO_COMMON_BLOCKS = YES;
				GCC_WARN_64_TO_32_BIT_CONVERSION = YES;
				GCC_WARN_ABOUT_RETURN_TYPE = YES_ERROR;
				GCC_WARN_UNDECLARED_SELECTOR = YES;
				GCC_WARN_UNINITIALIZED_AUTOS = YES_AGGRESSIVE;
				GCC_WARN_UNUSED_FUNCTION = YES;
				GCC_WARN_UNUSED_VARIABLE = YES;
				IPHONEOS_DEPLOYMENT_TARGET = 15.2;
				MTL_ENABLE_DEBUG_INFO = NO;
				MTL_FAST_MATH = YES;
				SDKROOT = iphoneos;
				SWIFT_COMPILATION_MODE = wholemodule;
				SWIFT_OPTIMIZATION_LEVEL = "-O";
				VALIDATE_PRODUCT = YES;
			};
			name = Release;
		};
		9C28E6FE27E8EC5300DE626A /* Debug */ = {
			isa = XCBuildConfiguration;
			buildSettings = {
				ASSETCATALOG_COMPILER_APPICON_NAME = AppIcon;
				ASSETCATALOG_COMPILER_GLOBAL_ACCENT_COLOR_NAME = AccentColor;
				CODE_SIGN_STYLE = Automatic;
				CURRENT_PROJECT_VERSION = 1;
				DEVELOPMENT_ASSET_PATHS = "\"LibrarySwiftUIBeginnerLevel/Preview Content\"";
				DEVELOPMENT_TEAM = Q5RV2AMVQ8;
				ENABLE_PREVIEWS = YES;
				GENERATE_INFOPLIST_FILE = YES;
				INFOPLIST_KEY_UIApplicationSceneManifest_Generation = YES;
				INFOPLIST_KEY_UIApplicationSupportsIndirectInputEvents = YES;
				INFOPLIST_KEY_UILaunchScreen_Generation = YES;
				INFOPLIST_KEY_UISupportedInterfaceOrientations_iPad = "UIInterfaceOrientationPortrait UIInterfaceOrientationPortraitUpsideDown UIInterfaceOrientationLandscapeLeft UIInterfaceOrientationLandscapeRight";
				INFOPLIST_KEY_UISupportedInterfaceOrientations_iPhone = "UIInterfaceOrientationPortrait UIInterfaceOrientationLandscapeLeft UIInterfaceOrientationLandscapeRight";
				LD_RUNPATH_SEARCH_PATHS = (
					"$(inherited)",
					"@executable_path/Frameworks",
				);
				MARKETING_VERSION = 1.0;
				PRODUCT_BUNDLE_IDENTIFIER = Bogdan.LibrarySwiftUIBeginnerLevel;
				PRODUCT_NAME = "$(TARGET_NAME)";
				SWIFT_EMIT_LOC_STRINGS = YES;
				SWIFT_VERSION = 5.0;
				TARGETED_DEVICE_FAMILY = "1,2";
			};
			name = Debug;
		};
		9C28E6FF27E8EC5300DE626A /* Release */ = {
			isa = XCBuildConfiguration;
			buildSettings = {
				ASSETCATALOG_COMPILER_APPICON_NAME = AppIcon;
				ASSETCATALOG_COMPILER_GLOBAL_ACCENT_COLOR_NAME = AccentColor;
				CODE_SIGN_STYLE = Automatic;
				CURRENT_PROJECT_VERSION = 1;
				DEVELOPMENT_ASSET_PATHS = "\"LibrarySwiftUIBeginnerLevel/Preview Content\"";
				DEVELOPMENT_TEAM = Q5RV2AMVQ8;
				ENABLE_PREVIEWS = YES;
				GENERATE_INFOPLIST_FILE = YES;
				INFOPLIST_KEY_UIApplicationSceneManifest_Generation = YES;
				INFOPLIST_KEY_UIApplicationSupportsIndirectInputEvents = YES;
				INFOPLIST_KEY_UILaunchScreen_Generation = YES;
				INFOPLIST_KEY_UISupportedInterfaceOrientations_iPad = "UIInterfaceOrientationPortrait UIInterfaceOrientationPortraitUpsideDown UIInterfaceOrientationLandscapeLeft UIInterfaceOrientationLandscapeRight";
				INFOPLIST_KEY_UISupportedInterfaceOrientations_iPhone = "UIInterfaceOrientationPortrait UIInterfaceOrientationLandscapeLeft UIInterfaceOrientationLandscapeRight";
				LD_RUNPATH_SEARCH_PATHS = (
					"$(inherited)",
					"@executable_path/Frameworks",
				);
				MARKETING_VERSION = 1.0;
				PRODUCT_BUNDLE_IDENTIFIER = Bogdan.LibrarySwiftUIBeginnerLevel;
				PRODUCT_NAME = "$(TARGET_NAME)";
				SWIFT_EMIT_LOC_STRINGS = YES;
				SWIFT_VERSION = 5.0;
				TARGETED_DEVICE_FAMILY = "1,2";
			};
			name = Release;
		};
/* End XCBuildConfiguration section */

/* Begin XCConfigurationList section */
		9C28E6EA27E8EC5100DE626A /* Build configuration list for PBXProject "LibrarySwiftUIBeginnerLevel" */ = {
			isa = XCConfigurationList;
			buildConfigurations = (
				9C28E6FB27E8EC5300DE626A /* Debug */,
				9C28E6FC27E8EC5300DE626A /* Release */,
			);
			defaultConfigurationIsVisible = 0;
			defaultConfigurationName = Release;
		};
		9C28E6FD27E8EC5300DE626A /* Build configuration list for PBXNativeTarget "LibrarySwiftUIBeginnerLevel" */ = {
			isa = XCConfigurationList;
			buildConfigurations = (
				9C28E6FE27E8EC5300DE626A /* Debug */,
				9C28E6FF27E8EC5300DE626A /* Release */,
			);
			defaultConfigurationIsVisible = 0;
			defaultConfigurationName = Release;
		};
/* End XCConfigurationList section */
	};
	rootObject = 9C28E6E727E8EC5100DE626A /* Project object */;
}
